// !$*UTF8*$!
{
	archiveVersion = 1;
	classes = {
	};
	objectVersion = 55;
	objects = {

/* Begin PBXBuildFile section */
		C2DAC3D528DB2027000EDB42 /* RandomManager.swift in Sources */ = {isa = PBXBuildFile; fileRef = C2DAC3D428DB2027000EDB42 /* RandomManager.swift */; };
		C2DAC3D728DB2039000EDB42 /* RandomData.swift in Sources */ = {isa = PBXBuildFile; fileRef = C2DAC3D628DB2039000EDB42 /* RandomData.swift */; };
		C2DAC3D928DB2045000EDB42 /* RandomModel.swift in Sources */ = {isa = PBXBuildFile; fileRef = C2DAC3D828DB2045000EDB42 /* RandomModel.swift */; };
		C2F6FBA828D3422900C83D18 /* AppDelegate.swift in Sources */ = {isa = PBXBuildFile; fileRef = C2F6FBA728D3422900C83D18 /* AppDelegate.swift */; };
		C2F6FBAA28D3422900C83D18 /* SceneDelegate.swift in Sources */ = {isa = PBXBuildFile; fileRef = C2F6FBA928D3422900C83D18 /* SceneDelegate.swift */; };
		C2F6FBAC28D3422900C83D18 /* ViewController.swift in Sources */ = {isa = PBXBuildFile; fileRef = C2F6FBAB28D3422900C83D18 /* ViewController.swift */; };
		C2F6FBAF28D3422900C83D18 /* Main.storyboard in Resources */ = {isa = PBXBuildFile; fileRef = C2F6FBAD28D3422900C83D18 /* Main.storyboard */; };
		C2F6FBB128D3422A00C83D18 /* Assets.xcassets in Resources */ = {isa = PBXBuildFile; fileRef = C2F6FBB028D3422A00C83D18 /* Assets.xcassets */; };
		C2F6FBB428D3422A00C83D18 /* LaunchScreen.storyboard in Resources */ = {isa = PBXBuildFile; fileRef = C2F6FBB228D3422A00C83D18 /* LaunchScreen.storyboard */; };
/* End PBXBuildFile section */

/* Begin PBXFileReference section */
		C2DAC3D428DB2027000EDB42 /* RandomManager.swift */ = {isa = PBXFileReference; lastKnownFileType = sourcecode.swift; path = RandomManager.swift; sourceTree = "<group>"; };
		C2DAC3D628DB2039000EDB42 /* RandomData.swift */ = {isa = PBXFileReference; lastKnownFileType = sourcecode.swift; path = RandomData.swift; sourceTree = "<group>"; };
		C2DAC3D828DB2045000EDB42 /* RandomModel.swift */ = {isa = PBXFileReference; lastKnownFileType = sourcecode.swift; path = RandomModel.swift; sourceTree = "<group>"; };
		C2F6FBA428D3422900C83D18 /* uiKitTestPrjct1.app */ = {isa = PBXFileReference; explicitFileType = wrapper.application; includeInIndex = 0; path = uiKitTestPrjct1.app; sourceTree = BUILT_PRODUCTS_DIR; };
		C2F6FBA728D3422900C83D18 /* AppDelegate.swift */ = {isa = PBXFileReference; lastKnownFileType = sourcecode.swift; path = AppDelegate.swift; sourceTree = "<group>"; };
		C2F6FBA928D3422900C83D18 /* SceneDelegate.swift */ = {isa = PBXFileReference; lastKnownFileType = sourcecode.swift; path = SceneDelegate.swift; sourceTree = "<group>"; };
		C2F6FBAB28D3422900C83D18 /* ViewController.swift */ = {isa = PBXFileReference; lastKnownFileType = sourcecode.swift; path = ViewController.swift; sourceTree = "<group>"; };
		C2F6FBAE28D3422900C83D18 /* Base */ = {isa = PBXFileReference; lastKnownFileType = file.storyboard; name = Base; path = Base.lproj/Main.storyboard; sourceTree = "<group>"; };
		C2F6FBB028D3422A00C83D18 /* Assets.xcassets */ = {isa = PBXFileReference; lastKnownFileType = folder.assetcatalog; path = Assets.xcassets; sourceTree = "<group>"; };
		C2F6FBB328D3422A00C83D18 /* Base */ = {isa = PBXFileReference; lastKnownFileType = file.storyboard; name = Base; path = Base.lproj/LaunchScreen.storyboard; sourceTree = "<group>"; };
		C2F6FBB528D3422A00C83D18 /* Info.plist */ = {isa = PBXFileReference; lastKnownFileType = text.plist.xml; path = Info.plist; sourceTree = "<group>"; };
/* End PBXFileReference section */

/* Begin PBXFrameworksBuildPhase section */
		C2F6FBA128D3422900C83D18 /* Frameworks */ = {
			isa = PBXFrameworksBuildPhase;
			buildActionMask = 2147483647;
			files = (
			);
			runOnlyForDeploymentPostprocessing = 0;
		};
/* End PBXFrameworksBuildPhase section */

/* Begin PBXGroup section */
		C2DAC3D028DB157C000EDB42 /* View */ = {
			isa = PBXGroup;
			children = (
			);
			path = View;
			sourceTree = "<group>";
		};
		C2DAC3D128DB1582000EDB42 /* Controller */ = {
			isa = PBXGroup;
			children = (
				C2F6FBAB28D3422900C83D18 /* ViewController.swift */,
			);
			path = Controller;
			sourceTree = "<group>";
		};
		C2DAC3D228DB158B000EDB42 /* Model */ = {
			isa = PBXGroup;
			children = (
				C2DAC3D428DB2027000EDB42 /* RandomManager.swift */,
				C2DAC3D628DB2039000EDB42 /* RandomData.swift */,
				C2DAC3D828DB2045000EDB42 /* RandomModel.swift */,
			);
			path = Model;
			sourceTree = "<group>";
		};
		C2F6FB9B28D3422900C83D18 = {
			isa = PBXGroup;
			children = (
				C2F6FBA628D3422900C83D18 /* uiKitTestPrjct1 */,
				C2F6FBA528D3422900C83D18 /* Products */,
			);
			sourceTree = "<group>";
		};
		C2F6FBA528D3422900C83D18 /* Products */ = {
			isa = PBXGroup;
			children = (
				C2F6FBA428D3422900C83D18 /* uiKitTestPrjct1.app */,
			);
			name = Products;
			sourceTree = "<group>";
		};
		C2F6FBA628D3422900C83D18 /* uiKitTestPrjct1 */ = {
			isa = PBXGroup;
			children = (
				C2DAC3D228DB158B000EDB42 /* Model */,
				C2DAC3D028DB157C000EDB42 /* View */,
				C2DAC3D128DB1582000EDB42 /* Controller */,
				C2F6FBA728D3422900C83D18 /* AppDelegate.swift */,
				C2F6FBA928D3422900C83D18 /* SceneDelegate.swift */,
				C2F6FBAD28D3422900C83D18 /* Main.storyboard */,
				C2F6FBB028D3422A00C83D18 /* Assets.xcassets */,
				C2F6FBB228D3422A00C83D18 /* LaunchScreen.storyboard */,
				C2F6FBB528D3422A00C83D18 /* Info.plist */,
			);
			path = uiKitTestPrjct1;
			sourceTree = "<group>";
		};
/* End PBXGroup section */

/* Begin PBXNativeTarget section */
		C2F6FBA328D3422900C83D18 /* uiKitTestPrjct1 */ = {
			isa = PBXNativeTarget;
			buildConfigurationList = C2F6FBB828D3422A00C83D18 /* Build configuration list for PBXNativeTarget "uiKitTestPrjct1" */;
			buildPhases = (
				C2F6FBA028D3422900C83D18 /* Sources */,
				C2F6FBA128D3422900C83D18 /* Frameworks */,
				C2F6FBA228D3422900C83D18 /* Resources */,
			);
			buildRules = (
			);
			dependencies = (
			);
			name = uiKitTestPrjct1;
			productName = uiKitTestPrjct1;
			productReference = C2F6FBA428D3422900C83D18 /* uiKitTestPrjct1.app */;
			productType = "com.apple.product-type.application";
		};
/* End PBXNativeTarget section */

/* Begin PBXProject section */
		C2F6FB9C28D3422900C83D18 /* Project object */ = {
			isa = PBXProject;
			attributes = {
				BuildIndependentTargetsInParallel = 1;
				LastSwiftUpdateCheck = 1340;
				LastUpgradeCheck = 1340;
				TargetAttributes = {
					C2F6FBA328D3422900C83D18 = {
						CreatedOnToolsVersion = 13.4.1;
					};
				};
			};
			buildConfigurationList = C2F6FB9F28D3422900C83D18 /* Build configuration list for PBXProject "uiKitTestPrjct1" */;
			compatibilityVersion = "Xcode 13.0";
			developmentRegion = en;
			hasScannedForEncodings = 0;
			knownRegions = (
				en,
				Base,
			);
			mainGroup = C2F6FB9B28D3422900C83D18;
			productRefGroup = C2F6FBA528D3422900C83D18 /* Products */;
			projectDirPath = "";
			projectRoot = "";
			targets = (
				C2F6FBA328D3422900C83D18 /* uiKitTestPrjct1 */,
			);
		};
/* End PBXProject section */

/* Begin PBXResourcesBuildPhase section */
		C2F6FBA228D3422900C83D18 /* Resources */ = {
			isa = PBXResourcesBuildPhase;
			buildActionMask = 2147483647;
			files = (
				C2F6FBB428D3422A00C83D18 /* LaunchScreen.storyboard in Resources */,
				C2F6FBB128D3422A00C83D18 /* Assets.xcassets in Resources */,
				C2F6FBAF28D3422900C83D18 /* Main.storyboard in Resources */,
			);
			runOnlyForDeploymentPostprocessing = 0;
		};
/* End PBXResourcesBuildPhase section */

/* Begin PBXSourcesBuildPhase section */
		C2F6FBA028D3422900C83D18 /* Sources */ = {
			isa = PBXSourcesBuildPhase;
			buildActionMask = 2147483647;
			files = (
				C2DAC3D728DB2039000EDB42 /* RandomData.swift in Sources */,
				C2DAC3D928DB2045000EDB42 /* RandomModel.swift in Sources */,
				C2F6FBAC28D3422900C83D18 /* ViewController.swift in Sources */,
				C2F6FBA828D3422900C83D18 /* AppDelegate.swift in Sources */,
				C2F6FBAA28D3422900C83D18 /* SceneDelegate.swift in Sources */,
				C2DAC3D528DB2027000EDB42 /* RandomManager.swift in Sources */,
			);
			runOnlyForDeploymentPostprocessing = 0;
		};
/* End PBXSourcesBuildPhase section */

/* Begin PBXVariantGroup section */
		C2F6FBAD28D3422900C83D18 /* Main.storyboard */ = {
			isa = PBXVariantGroup;
			children = (
				C2F6FBAE28D3422900C83D18 /* Base */,
			);
			name = Main.storyboard;
			sourceTree = "<group>";
		};
		C2F6FBB228D3422A00C83D18 /* LaunchScreen.storyboard */ = {
			isa = PBXVariantGroup;
			children = (
				C2F6FBB328D3422A00C83D18 /* Base */,
			);
			name = LaunchScreen.storyboard;
			sourceTree = "<group>";
		};
/* End PBXVariantGroup section */

/* Begin XCBuildConfiguration section */
		C2F6FBB628D3422A00C83D18 /* Debug */ = {
			isa = XCBuildConfiguration;
			buildSettings = {
				ALWAYS_SEARCH_USER_PATHS = NO;
				CLANG_ANALYZER_NONNULL = YES;
				CLANG_ANALYZER_NUMBER_OBJECT_CONVERSION = YES_AGGRESSIVE;
				CLANG_CXX_LANGUAGE_STANDARD = "gnu++17";
				CLANG_ENABLE_MODULES = YES;
				CLANG_ENABLE_OBJC_ARC = YES;
				CLANG_ENABLE_OBJC_WEAK = YES;
				CLANG_WARN_BLOCK_CAPTURE_AUTORELEASING = YES;
				CLANG_WARN_BOOL_CONVERSION = YES;
				CLANG_WARN_COMMA = YES;
				CLANG_WARN_CONSTANT_CONVERSION = YES;
				CLANG_WARN_DEPRECATED_OBJC_IMPLEMENTATIONS = YES;
				CLANG_WARN_DIRECT_OBJC_ISA_USAGE = YES_ERROR;
				CLANG_WARN_DOCUMENTATION_COMMENTS = YES;
				CLANG_WARN_EMPTY_BODY = YES;
				CLANG_WARN_ENUM_CONVERSION = YES;
				CLANG_WARN_INFINITE_RECURSION = YES;
				CLANG_WARN_INT_CONVERSION = YES;
				CLANG_WARN_NON_LITERAL_NULL_CONVERSION = YES;
				CLANG_WARN_OBJC_IMPLICIT_RETAIN_SELF = YES;
				CLANG_WARN_OBJC_LITERAL_CONVERSION = YES;
				CLANG_WARN_OBJC_ROOT_CLASS = YES_ERROR;
				CLANG_WARN_QUOTED_INCLUDE_IN_FRAMEWORK_HEADER = YES;
				CLANG_WARN_RANGE_LOOP_ANALYSIS = YES;
				CLANG_WARN_STRICT_PROTOTYPES = YES;
				CLANG_WARN_SUSPICIOUS_MOVE = YES;
				CLANG_WARN_UNGUARDED_AVAILABILITY = YES_AGGRESSIVE;
				CLANG_WARN_UNREACHABLE_CODE = YES;
				CLANG_WARN__DUPLICATE_METHOD_MATCH = YES;
				COPY_PHASE_STRIP = NO;
				DEBUG_INFORMATION_FORMAT = dwarf;
				ENABLE_STRICT_OBJC_MSGSEND = YES;
				ENABLE_TESTABILITY = YES;
				GCC_C_LANGUAGE_STANDARD = gnu11;
				GCC_DYNAMIC_NO_PIC = NO;
				GCC_NO_COMMON_BLOCKS = YES;
				GCC_OPTIMIZATION_LEVEL = 0;
				GCC_PREPROCESSOR_DEFINITIONS = (
					"DEBUG=1",
					"$(inherited)",
				);
				GCC_WARN_64_TO_32_BIT_CONVERSION = YES;
				GCC_WARN_ABOUT_RETURN_TYPE = YES_ERROR;
				GCC_WARN_UNDECLARED_SELECTOR = YES;
				GCC_WARN_UNINITIALIZED_AUTOS = YES_AGGRESSIVE;
				GCC_WARN_UNUSED_FUNCTION = YES;
				GCC_WARN_UNUSED_VARIABLE = YES;
				IPHONEOS_DEPLOYMENT_TARGET = 15.5;
				MTL_ENABLE_DEBUG_INFO = INCLUDE_SOURCE;
				MTL_FAST_MATH = YES;
				ONLY_ACTIVE_ARCH = YES;
				SDKROOT = iphoneos;
				SWIFT_ACTIVE_COMPILATION_CONDITIONS = DEBUG;
				SWIFT_OPTIMIZATION_LEVEL = "-Onone";
			};
			name = Debug;
		};
		C2F6FBB728D3422A00C83D18 /* Release */ = {
			isa = XCBuildConfiguration;
			buildSettings = {
				ALWAYS_SEARCH_USER_PATHS = NO;
				CLANG_ANALYZER_NONNULL = YES;
				CLANG_ANALYZER_NUMBER_OBJECT_CONVERSION = YES_AGGRESSIVE;
				CLANG_CXX_LANGUAGE_STANDARD = "gnu++17";
				CLANG_ENABLE_MODULES = YES;
				CLANG_ENABLE_OBJC_ARC = YES;
				CLANG_ENABLE_OBJC_WEAK = YES;
				CLANG_WARN_BLOCK_CAPTURE_AUTORELEASING = YES;
				CLANG_WARN_BOOL_CONVERSION = YES;
				CLANG_WARN_COMMA = YES;
				CLANG_WARN_CONSTANT_CONVERSION = YES;
				CLANG_WARN_DEPRECATED_OBJC_IMPLEMENTATIONS = YES;
				CLANG_WARN_DIRECT_OBJC_ISA_USAGE = YES_ERROR;
				CLANG_WARN_DOCUMENTATION_COMMENTS = YES;
				CLANG_WARN_EMPTY_BODY = YES;
				CLANG_WARN_ENUM_CONVERSION = YES;
				CLANG_WARN_INFINITE_RECURSION = YES;
				CLANG_WARN_INT_CONVERSION = YES;
				CLANG_WARN_NON_LITERAL_NULL_CONVERSION = YES;
				CLANG_WARN_OBJC_IMPLICIT_RETAIN_SELF = YES;
				CLANG_WARN_OBJC_LITERAL_CONVERSION = YES;
				CLANG_WARN_OBJC_ROOT_CLASS = YES_ERROR;
				CLANG_WARN_QUOTED_INCLUDE_IN_FRAMEWORK_HEADER = YES;
				CLANG_WARN_RANGE_LOOP_ANALYSIS = YES;
				CLANG_WARN_STRICT_PROTOTYPES = YES;
				CLANG_WARN_SUSPICIOUS_MOVE = YES;
				CLANG_WARN_UNGUARDED_AVAILABILITY = YES_AGGRESSIVE;
				CLANG_WARN_UNREACHABLE_CODE = YES;
				CLANG_WARN__DUPLICATE_METHOD_MATCH = YES;
				COPY_PHASE_STRIP = NO;
				DEBUG_INFORMATION_FORMAT = "dwarf-with-dsym";
				ENABLE_NS_ASSERTIONS = NO;
				ENABLE_STRICT_OBJC_MSGSEND = YES;
				GCC_C_LANGUAGE_STANDARD = gnu11;
				GCC_NO_COMMON_BLOCKS = YES;
				GCC_WARN_64_TO_32_BIT_CONVERSION = YES;
				GCC_WARN_ABOUT_RETURN_TYPE = YES_ERROR;
				GCC_WARN_UNDECLARED_SELECTOR = YES;
				GCC_WARN_UNINITIALIZED_AUTOS = YES_AGGRESSIVE;
				GCC_WARN_UNUSED_FUNCTION = YES;
				GCC_WARN_UNUSED_VARIABLE = YES;
				IPHONEOS_DEPLOYMENT_TARGET = 15.5;
				MTL_ENABLE_DEBUG_INFO = NO;
				MTL_FAST_MATH = YES;
				SDKROOT = iphoneos;
				SWIFT_COMPILATION_MODE = wholemodule;
				SWIFT_OPTIMIZATION_LEVEL = "-O";
				VALIDATE_PRODUCT = YES;
			};
			name = Release;
		};
		C2F6FBB928D3422A00C83D18 /* Debug */ = {
			isa = XCBuildConfiguration;
			buildSettings = {
				ASSETCATALOG_COMPILER_APPICON_NAME = AppIcon;
				ASSETCATALOG_COMPILER_GLOBAL_ACCENT_COLOR_NAME = AccentColor;
				CODE_SIGN_STYLE = Automatic;
				CURRENT_PROJECT_VERSION = 1;
				DEVELOPMENT_TEAM = 4JPR2TDZ73;
				GENERATE_INFOPLIST_FILE = YES;
				INFOPLIST_FILE = uiKitTestPrjct1/Info.plist;
				INFOPLIST_KEY_UIApplicationSupportsIndirectInputEvents = YES;
				INFOPLIST_KEY_UILaunchStoryboardName = LaunchScreen;
				INFOPLIST_KEY_UIMainStoryboardFile = Main;
				INFOPLIST_KEY_UISupportedInterfaceOrientations_iPad = "UIInterfaceOrientationPortrait UIInterfaceOrientationPortraitUpsideDown UIInterfaceOrientationLandscapeLeft UIInterfaceOrientationLandscapeRight";
				INFOPLIST_KEY_UISupportedInterfaceOrientations_iPhone = "UIInterfaceOrientationPortrait UIInterfaceOrientationLandscapeLeft UIInterfaceOrientationLandscapeRight";
				LD_RUNPATH_SEARCH_PATHS = (
					"$(inherited)",
					"@executable_path/Frameworks",
				);
				MARKETING_VERSION = 1.0;
				PRODUCT_BUNDLE_IDENTIFIER = com.overpowerpwnd.uiKitTestPrjct1;
				PRODUCT_NAME = "$(TARGET_NAME)";
				SWIFT_EMIT_LOC_STRINGS = YES;
				SWIFT_VERSION = 5.0;
				TARGETED_DEVICE_FAMILY = "1,2";
			};
			name = Debug;
		};
		C2F6FBBA28D3422A00C83D18 /* Release */ = {
			isa = XCBuildConfiguration;
			buildSettings = {
				ASSETCATALOG_COMPILER_APPICON_NAME = AppIcon;
				ASSETCATALOG_COMPILER_GLOBAL_ACCENT_COLOR_NAME = AccentColor;
				CODE_SIGN_STYLE = Automatic;
				CURRENT_PROJECT_VERSION = 1;
				DEVELOPMENT_TEAM = 4JPR2TDZ73;
				GENERATE_INFOPLIST_FILE = YES;
				INFOPLIST_FILE = uiKitTestPrjct1/Info.plist;
				INFOPLIST_KEY_UIApplicationSupportsIndirectInputEvents = YES;
				INFOPLIST_KEY_UILaunchStoryboardName = LaunchScreen;
				INFOPLIST_KEY_UIMainStoryboardFile = Main;
				INFOPLIST_KEY_UISupportedInterfaceOrientations_iPad = "UIInterfaceOrientationPortrait UIInterfaceOrientationPortraitUpsideDown UIInterfaceOrientationLandscapeLeft UIInterfaceOrientationLandscapeRight";
				INFOPLIST_KEY_UISupportedInterfaceOrientations_iPhone = "UIInterfaceOrientationPortrait UIInterfaceOrientationLandscapeLeft UIInterfaceOrientationLandscapeRight";
				LD_RUNPATH_SEARCH_PATHS = (
					"$(inherited)",
					"@executable_path/Frameworks",
				);
				MARKETING_VERSION = 1.0;
				PRODUCT_BUNDLE_IDENTIFIER = com.overpowerpwnd.uiKitTestPrjct1;
				PRODUCT_NAME = "$(TARGET_NAME)";
				SWIFT_EMIT_LOC_STRINGS = YES;
				SWIFT_VERSION = 5.0;
				TARGETED_DEVICE_FAMILY = "1,2";
			};
			name = Release;
		};
/* End XCBuildConfiguration section */

/* Begin XCConfigurationList section */
		C2F6FB9F28D3422900C83D18 /* Build configuration list for PBXProject "uiKitTestPrjct1" */ = {
			isa = XCConfigurationList;
			buildConfigurations = (
				C2F6FBB628D3422A00C83D18 /* Debug */,
				C2F6FBB728D3422A00C83D18 /* Release */,
			);
			defaultConfigurationIsVisible = 0;
			defaultConfigurationName = Release;
		};
		C2F6FBB828D3422A00C83D18 /* Build configuration list for PBXNativeTarget "uiKitTestPrjct1" */ = {
			isa = XCConfigurationList;
			buildConfigurations = (
				C2F6FBB928D3422A00C83D18 /* Debug */,
				C2F6FBBA28D3422A00C83D18 /* Release */,
			);
			defaultConfigurationIsVisible = 0;
			defaultConfigurationName = Release;
		};
/* End XCConfigurationList section */
	};
	rootObject = C2F6FB9C28D3422900C83D18 /* Project object */;
}
